// !$*UTF8*$!
{
	archiveVersion = 1;
	classes = {
	};
	objectVersion = 46;
	objects = {

/* Begin PBXBuildFile section */
		1D9F4EC71D5FDBA200564B2F /* main.m in Sources */ = {isa = PBXBuildFile; fileRef = 1D9F4EC61D5FDBA200564B2F /* main.m */; };
		1D9F4ECA1D5FDBA200564B2F /* AppDelegate.m in Sources */ = {isa = PBXBuildFile; fileRef = 1D9F4EC91D5FDBA200564B2F /* AppDelegate.m */; };
		1D9F4ECD1D5FDBA200564B2F /* ViewController.m in Sources */ = {isa = PBXBuildFile; fileRef = 1D9F4ECC1D5FDBA200564B2F /* ViewController.m */; };
		1D9F4ED01D5FDBA200564B2F /* Main.storyboard in Resources */ = {isa = PBXBuildFile; fileRef = 1D9F4ECE1D5FDBA200564B2F /* Main.storyboard */; };
		1D9F4ED31D5FDBA200564B2F /* Hypnosister.xcdatamodeld in Sources */ = {isa = PBXBuildFile; fileRef = 1D9F4ED11D5FDBA200564B2F /* Hypnosister.xcdatamodeld */; };
		1D9F4ED51D5FDBA200564B2F /* Assets.xcassets in Resources */ = {isa = PBXBuildFile; fileRef = 1D9F4ED41D5FDBA200564B2F /* Assets.xcassets */; };
		1D9F4ED81D5FDBA200564B2F /* LaunchScreen.storyboard in Resources */ = {isa = PBXBuildFile; fileRef = 1D9F4ED61D5FDBA200564B2F /* LaunchScreen.storyboard */; };
		1D9F4EE31D5FDBA200564B2F /* HypnosisterTests.m in Sources */ = {isa = PBXBuildFile; fileRef = 1D9F4EE21D5FDBA200564B2F /* HypnosisterTests.m */; };
		1D9F4EEE1D5FDBA200564B2F /* HypnosisterUITests.m in Sources */ = {isa = PBXBuildFile; fileRef = 1D9F4EED1D5FDBA200564B2F /* HypnosisterUITests.m */; };
/* End PBXBuildFile section */

/* Begin PBXContainerItemProxy section */
		1D9F4EDF1D5FDBA200564B2F /* PBXContainerItemProxy */ = {
			isa = PBXContainerItemProxy;
			containerPortal = 1D9F4EBA1D5FDBA200564B2F /* Project object */;
			proxyType = 1;
			remoteGlobalIDString = 1D9F4EC11D5FDBA200564B2F;
			remoteInfo = Hypnosister;
		};
		1D9F4EEA1D5FDBA200564B2F /* PBXContainerItemProxy */ = {
			isa = PBXContainerItemProxy;
			containerPortal = 1D9F4EBA1D5FDBA200564B2F /* Project object */;
			proxyType = 1;
			remoteGlobalIDString = 1D9F4EC11D5FDBA200564B2F;
			remoteInfo = Hypnosister;
		};
/* End PBXContainerItemProxy section */

/* Begin PBXFileReference section */
		1D9F4EC21D5FDBA200564B2F /* Hypnosister.app */ = {isa = PBXFileReference; explicitFileType = wrapper.application; includeInIndex = 0; path = Hypnosister.app; sourceTree = BUILT_PRODUCTS_DIR; };
		1D9F4EC61D5FDBA200564B2F /* main.m */ = {isa = PBXFileReference; lastKnownFileType = sourcecode.c.objc; path = main.m; sourceTree = "<group>"; };
		1D9F4EC81D5FDBA200564B2F /* AppDelegate.h */ = {isa = PBXFileReference; lastKnownFileType = sourcecode.c.h; path = AppDelegate.h; sourceTree = "<group>"; };
		1D9F4EC91D5FDBA200564B2F /* AppDelegate.m */ = {isa = PBXFileReference; lastKnownFileType = sourcecode.c.objc; path = AppDelegate.m; sourceTree = "<group>"; };
		1D9F4ECB1D5FDBA200564B2F /* ViewController.h */ = {isa = PBXFileReference; lastKnownFileType = sourcecode.c.h; path = ViewController.h; sourceTree = "<group>"; };
		1D9F4ECC1D5FDBA200564B2F /* ViewController.m */ = {isa = PBXFileReference; lastKnownFileType = sourcecode.c.objc; path = ViewController.m; sourceTree = "<group>"; };
		1D9F4ECF1D5FDBA200564B2F /* Base */ = {isa = PBXFileReference; lastKnownFileType = file.storyboard; name = Base; path = Base.lproj/Main.storyboard; sourceTree = "<group>"; };
		1D9F4ED21D5FDBA200564B2F /* Hypnosister.xcdatamodel */ = {isa = PBXFileReference; lastKnownFileType = wrapper.xcdatamodel; path = Hypnosister.xcdatamodel; sourceTree = "<group>"; };
		1D9F4ED41D5FDBA200564B2F /* Assets.xcassets */ = {isa = PBXFileReference; lastKnownFileType = folder.assetcatalog; path = Assets.xcassets; sourceTree = "<group>"; };
		1D9F4ED71D5FDBA200564B2F /* Base */ = {isa = PBXFileReference; lastKnownFileType = file.storyboard; name = Base; path = Base.lproj/LaunchScreen.storyboard; sourceTree = "<group>"; };
		1D9F4ED91D5FDBA200564B2F /* Info.plist */ = {isa = PBXFileReference; lastKnownFileType = text.plist.xml; path = Info.plist; sourceTree = "<group>"; };
		1D9F4EDE1D5FDBA200564B2F /* HypnosisterTests.xctest */ = {isa = PBXFileReference; explicitFileType = wrapper.cfbundle; includeInIndex = 0; path = HypnosisterTests.xctest; sourceTree = BUILT_PRODUCTS_DIR; };
		1D9F4EE21D5FDBA200564B2F /* HypnosisterTests.m */ = {isa = PBXFileReference; lastKnownFileType = sourcecode.c.objc; path = HypnosisterTests.m; sourceTree = "<group>"; };
		1D9F4EE41D5FDBA200564B2F /* Info.plist */ = {isa = PBXFileReference; lastKnownFileType = text.plist.xml; path = Info.plist; sourceTree = "<group>"; };
		1D9F4EE91D5FDBA200564B2F /* HypnosisterUITests.xctest */ = {isa = PBXFileReference; explicitFileType = wrapper.cfbundle; includeInIndex = 0; path = HypnosisterUITests.xctest; sourceTree = BUILT_PRODUCTS_DIR; };
		1D9F4EED1D5FDBA200564B2F /* HypnosisterUITests.m */ = {isa = PBXFileReference; lastKnownFileType = sourcecode.c.objc; path = HypnosisterUITests.m; sourceTree = "<group>"; };
		1D9F4EEF1D5FDBA200564B2F /* Info.plist */ = {isa = PBXFileReference; lastKnownFileType = text.plist.xml; path = Info.plist; sourceTree = "<group>"; };
/* End PBXFileReference section */

/* Begin PBXFrameworksBuildPhase section */
		1D9F4EBF1D5FDBA200564B2F /* Frameworks */ = {
			isa = PBXFrameworksBuildPhase;
			buildActionMask = 2147483647;
			files = (
			);
			runOnlyForDeploymentPostprocessing = 0;
		};
		1D9F4EDB1D5FDBA200564B2F /* Frameworks */ = {
			isa = PBXFrameworksBuildPhase;
			buildActionMask = 2147483647;
			files = (
			);
			runOnlyForDeploymentPostprocessing = 0;
		};
		1D9F4EE61D5FDBA200564B2F /* Frameworks */ = {
			isa = PBXFrameworksBuildPhase;
			buildActionMask = 2147483647;
			files = (
			);
			runOnlyForDeploymentPostprocessing = 0;
		};
/* End PBXFrameworksBuildPhase section */

/* Begin PBXGroup section */
		1D9F4EB91D5FDBA100564B2F = {
			isa = PBXGroup;
			children = (
				1D9F4EC41D5FDBA200564B2F /* Hypnosister */,
				1D9F4EE11D5FDBA200564B2F /* HypnosisterTests */,
				1D9F4EEC1D5FDBA200564B2F /* HypnosisterUITests */,
				1D9F4EC31D5FDBA200564B2F /* Products */,
			);
			sourceTree = "<group>";
		};
		1D9F4EC31D5FDBA200564B2F /* Products */ = {
			isa = PBXGroup;
			children = (
				1D9F4EC21D5FDBA200564B2F /* Hypnosister.app */,
				1D9F4EDE1D5FDBA200564B2F /* HypnosisterTests.xctest */,
				1D9F4EE91D5FDBA200564B2F /* HypnosisterUITests.xctest */,
			);
			name = Products;
			sourceTree = "<group>";
		};
		1D9F4EC41D5FDBA200564B2F /* Hypnosister */ = {
			isa = PBXGroup;
			children = (
				1D9F4EC81D5FDBA200564B2F /* AppDelegate.h */,
				1D9F4EC91D5FDBA200564B2F /* AppDelegate.m */,
				1D9F4ECB1D5FDBA200564B2F /* ViewController.h */,
				1D9F4ECC1D5FDBA200564B2F /* ViewController.m */,
				1D9F4ECE1D5FDBA200564B2F /* Main.storyboard */,
				1D9F4ED41D5FDBA200564B2F /* Assets.xcassets */,
				1D9F4ED61D5FDBA200564B2F /* LaunchScreen.storyboard */,
				1D9F4ED91D5FDBA200564B2F /* Info.plist */,
				1D9F4ED11D5FDBA200564B2F /* Hypnosister.xcdatamodeld */,
				1D9F4EC51D5FDBA200564B2F /* Supporting Files */,
			);
			path = Hypnosister;
			sourceTree = "<group>";
		};
		1D9F4EC51D5FDBA200564B2F /* Supporting Files */ = {
			isa = PBXGroup;
			children = (
				1D9F4EC61D5FDBA200564B2F /* main.m */,
			);
			name = "Supporting Files";
			sourceTree = "<group>";
		};
		1D9F4EE11D5FDBA200564B2F /* HypnosisterTests */ = {
			isa = PBXGroup;
			children = (
				1D9F4EE21D5FDBA200564B2F /* HypnosisterTests.m */,
				1D9F4EE41D5FDBA200564B2F /* Info.plist */,
			);
			path = HypnosisterTests;
			sourceTree = "<group>";
		};
		1D9F4EEC1D5FDBA200564B2F /* HypnosisterUITests */ = {
			isa = PBXGroup;
			children = (
				1D9F4EED1D5FDBA200564B2F /* HypnosisterUITests.m */,
				1D9F4EEF1D5FDBA200564B2F /* Info.plist */,
			);
			path = HypnosisterUITests;
			sourceTree = "<group>";
		};
/* End PBXGroup section */

/* Begin PBXNativeTarget section */
		1D9F4EC11D5FDBA200564B2F /* Hypnosister */ = {
			isa = PBXNativeTarget;
			buildConfigurationList = 1D9F4EF21D5FDBA200564B2F /* Build configuration list for PBXNativeTarget "Hypnosister" */;
			buildPhases = (
				1D9F4EBE1D5FDBA200564B2F /* Sources */,
				1D9F4EBF1D5FDBA200564B2F /* Frameworks */,
				1D9F4EC01D5FDBA200564B2F /* Resources */,
			);
			buildRules = (
			);
			dependencies = (
			);
			name = Hypnosister;
			productName = Hypnosister;
			productReference = 1D9F4EC21D5FDBA200564B2F /* Hypnosister.app */;
			productType = "com.apple.product-type.application";
		};
		1D9F4EDD1D5FDBA200564B2F /* HypnosisterTests */ = {
			isa = PBXNativeTarget;
			buildConfigurationList = 1D9F4EF51D5FDBA200564B2F /* Build configuration list for PBXNativeTarget "HypnosisterTests" */;
			buildPhases = (
				1D9F4EDA1D5FDBA200564B2F /* Sources */,
				1D9F4EDB1D5FDBA200564B2F /* Frameworks */,
				1D9F4EDC1D5FDBA200564B2F /* Resources */,
			);
			buildRules = (
			);
			dependencies = (
				1D9F4EE01D5FDBA200564B2F /* PBXTargetDependency */,
			);
			name = HypnosisterTests;
			productName = HypnosisterTests;
			productReference = 1D9F4EDE1D5FDBA200564B2F /* HypnosisterTests.xctest */;
			productType = "com.apple.product-type.bundle.unit-test";
		};
		1D9F4EE81D5FDBA200564B2F /* HypnosisterUITests */ = {
			isa = PBXNativeTarget;
			buildConfigurationList = 1D9F4EF81D5FDBA200564B2F /* Build configuration list for PBXNativeTarget "HypnosisterUITests" */;
			buildPhases = (
				1D9F4EE51D5FDBA200564B2F /* Sources */,
				1D9F4EE61D5FDBA200564B2F /* Frameworks */,
				1D9F4EE71D5FDBA200564B2F /* Resources */,
			);
			buildRules = (
			);
			dependencies = (
				1D9F4EEB1D5FDBA200564B2F /* PBXTargetDependency */,
			);
			name = HypnosisterUITests;
			productName = HypnosisterUITests;
			productReference = 1D9F4EE91D5FDBA200564B2F /* HypnosisterUITests.xctest */;
			productType = "com.apple.product-type.bundle.ui-testing";
		};
/* End PBXNativeTarget section */

/* Begin PBXProject section */
		1D9F4EBA1D5FDBA200564B2F /* Project object */ = {
			isa = PBXProject;
			attributes = {
				LastUpgradeCheck = 0730;
				ORGANIZATIONNAME = Slackfx;
				TargetAttributes = {
					1D9F4EC11D5FDBA200564B2F = {
						CreatedOnToolsVersion = 7.3.1;
					};
					1D9F4EDD1D5FDBA200564B2F = {
						CreatedOnToolsVersion = 7.3.1;
						TestTargetID = 1D9F4EC11D5FDBA200564B2F;
					};
					1D9F4EE81D5FDBA200564B2F = {
						CreatedOnToolsVersion = 7.3.1;
						TestTargetID = 1D9F4EC11D5FDBA200564B2F;
					};
				};
			};
			buildConfigurationList = 1D9F4EBD1D5FDBA200564B2F /* Build configuration list for PBXProject "Hypnosister" */;
			compatibilityVersion = "Xcode 3.2";
			developmentRegion = English;
			hasScannedForEncodings = 0;
			knownRegions = (
				en,
				Base,
			);
			mainGroup = 1D9F4EB91D5FDBA100564B2F;
			productRefGroup = 1D9F4EC31D5FDBA200564B2F /* Products */;
			projectDirPath = "";
			projectRoot = "";
			targets = (
				1D9F4EC11D5FDBA200564B2F /* Hypnosister */,
				1D9F4EDD1D5FDBA200564B2F /* HypnosisterTests */,
				1D9F4EE81D5FDBA200564B2F /* HypnosisterUITests */,
			);
		};
/* End PBXProject section */

/* Begin PBXResourcesBuildPhase section */
		1D9F4EC01D5FDBA200564B2F /* Resources */ = {
			isa = PBXResourcesBuildPhase;
			buildActionMask = 2147483647;
			files = (
				1D9F4ED81D5FDBA200564B2F /* LaunchScreen.storyboard in Resources */,
				1D9F4ED51D5FDBA200564B2F /* Assets.xcassets in Resources */,
				1D9F4ED01D5FDBA200564B2F /* Main.storyboard in Resources */,
			);
			runOnlyForDeploymentPostprocessing = 0;
		};
		1D9F4EDC1D5FDBA200564B2F /* Resources */ = {
			isa = PBXResourcesBuildPhase;
			buildActionMask = 2147483647;
			files = (
			);
			runOnlyForDeploymentPostprocessing = 0;
		};
		1D9F4EE71D5FDBA200564B2F /* Resources */ = {
			isa = PBXResourcesBuildPhase;
			buildActionMask = 2147483647;
			files = (
			);
			runOnlyForDeploymentPostprocessing = 0;
		};
/* End PBXResourcesBuildPhase section */

/* Begin PBXSourcesBuildPhase section */
		1D9F4EBE1D5FDBA200564B2F /* Sources */ = {
			isa = PBXSourcesBuildPhase;
			buildActionMask = 2147483647;
			files = (
				1D9F4ED31D5FDBA200564B2F /* Hypnosister.xcdatamodeld in Sources */,
				1D9F4ECD1D5FDBA200564B2F /* ViewController.m in Sources */,
				1D9F4ECA1D5FDBA200564B2F /* AppDelegate.m in Sources */,
				1D9F4EC71D5FDBA200564B2F /* main.m in Sources */,
			);
			runOnlyForDeploymentPostprocessing = 0;
		};
		1D9F4EDA1D5FDBA200564B2F /* Sources */ = {
			isa = PBXSourcesBuildPhase;
			buildActionMask = 2147483647;
			files = (
				1D9F4EE31D5FDBA200564B2F /* HypnosisterTests.m in Sources */,
			);
			runOnlyForDeploymentPostprocessing = 0;
		};
		1D9F4EE51D5FDBA200564B2F /* Sources */ = {
			isa = PBXSourcesBuildPhase;
			buildActionMask = 2147483647;
			files = (
				1D9F4EEE1D5FDBA200564B2F /* HypnosisterUITests.m in Sources */,
			);
			runOnlyForDeploymentPostprocessing = 0;
		};
/* End PBXSourcesBuildPhase section */

/* Begin PBXTargetDependency section */
		1D9F4EE01D5FDBA200564B2F /* PBXTargetDependency */ = {
			isa = PBXTargetDependency;
			target = 1D9F4EC11D5FDBA200564B2F /* Hypnosister */;
			targetProxy = 1D9F4EDF1D5FDBA200564B2F /* PBXContainerItemProxy */;
		};
		1D9F4EEB1D5FDBA200564B2F /* PBXTargetDependency */ = {
			isa = PBXTargetDependency;
			target = 1D9F4EC11D5FDBA200564B2F /* Hypnosister */;
			targetProxy = 1D9F4EEA1D5FDBA200564B2F /* PBXContainerItemProxy */;
		};
/* End PBXTargetDependency section */

/* Begin PBXVariantGroup section */
		1D9F4ECE1D5FDBA200564B2F /* Main.storyboard */ = {
			isa = PBXVariantGroup;
			children = (
				1D9F4ECF1D5FDBA200564B2F /* Base */,
			);
			name = Main.storyboard;
			sourceTree = "<group>";
		};
		1D9F4ED61D5FDBA200564B2F /* LaunchScreen.storyboard */ = {
			isa = PBXVariantGroup;
			children = (
				1D9F4ED71D5FDBA200564B2F /* Base */,
			);
			name = LaunchScreen.storyboard;
			sourceTree = "<group>";
		};
/* End PBXVariantGroup section */

/* Begin XCBuildConfiguration section */
		1D9F4EF01D5FDBA200564B2F /* Debug */ = {
			isa = XCBuildConfiguration;
			buildSettings = {
				ALWAYS_SEARCH_USER_PATHS = NO;
				CLANG_ANALYZER_NONNULL = YES;
				CLANG_CXX_LANGUAGE_STANDARD = "gnu++0x";
				CLANG_CXX_LIBRARY = "libc++";
				CLANG_ENABLE_MODULES = YES;
				CLANG_ENABLE_OBJC_ARC = YES;
				CLANG_WARN_BOOL_CONVERSION = YES;
				CLANG_WARN_CONSTANT_CONVERSION = YES;
				CLANG_WARN_DIRECT_OBJC_ISA_USAGE = YES_ERROR;
				CLANG_WARN_EMPTY_BODY = YES;
				CLANG_WARN_ENUM_CONVERSION = YES;
				CLANG_WARN_INT_CONVERSION = YES;
				CLANG_WARN_OBJC_ROOT_CLASS = YES_ERROR;
				CLANG_WARN_UNREACHABLE_CODE = YES;
				CLANG_WARN__DUPLICATE_METHOD_MATCH = YES;
				"CODE_SIGN_IDENTITY[sdk=iphoneos*]" = "iPhone Developer";
				COPY_PHASE_STRIP = NO;
				DEBUG_INFORMATION_FORMAT = dwarf;
				ENABLE_STRICT_OBJC_MSGSEND = YES;
				ENABLE_TESTABILITY = YES;
				GCC_C_LANGUAGE_STANDARD = gnu99;
				GCC_DYNAMIC_NO_PIC = NO;
				GCC_NO_COMMON_BLOCKS = YES;
				GCC_OPTIMIZATION_LEVEL = 0;
				GCC_PREPROCESSOR_DEFINITIONS = (
					"DEBUG=1",
					"$(inherited)",
				);
				GCC_WARN_64_TO_32_BIT_CONVERSION = YES;
				GCC_WARN_ABOUT_RETURN_TYPE = YES_ERROR;
				GCC_WARN_UNDECLARED_SELECTOR = YES;
				GCC_WARN_UNINITIALIZED_AUTOS = YES_AGGRESSIVE;
				GCC_WARN_UNUSED_FUNCTION = YES;
				GCC_WARN_UNUSED_VARIABLE = YES;
				IPHONEOS_DEPLOYMENT_TARGET = 9.3;
				MTL_ENABLE_DEBUG_INFO = YES;
				ONLY_ACTIVE_ARCH = YES;
				SDKROOT = iphoneos;
			};
			name = Debug;
		};
		1D9F4EF11D5FDBA200564B2F /* Release */ = {
			isa = XCBuildConfiguration;
			buildSettings = {
				ALWAYS_SEARCH_USER_PATHS = NO;
				CLANG_ANALYZER_NONNULL = YES;
				CLANG_CXX_LANGUAGE_STANDARD = "gnu++0x";
				CLANG_CXX_LIBRARY = "libc++";
				CLANG_ENABLE_MODULES = YES;
				CLANG_ENABLE_OBJC_ARC = YES;
				CLANG_WARN_BOOL_CONVERSION = YES;
				CLANG_WARN_CONSTANT_CONVERSION = YES;
				CLANG_WARN_DIRECT_OBJC_ISA_USAGE = YES_ERROR;
				CLANG_WARN_EMPTY_BODY = YES;
				CLANG_WARN_ENUM_CONVERSION = YES;
				CLANG_WARN_INT_CONVERSION = YES;
				CLANG_WARN_OBJC_ROOT_CLASS = YES_ERROR;
				CLANG_WARN_UNREACHABLE_CODE = YES;
				CLANG_WARN__DUPLICATE_METHOD_MATCH = YES;
				"CODE_SIGN_IDENTITY[sdk=iphoneos*]" = "iPhone Developer";
				COPY_PHASE_STRIP = NO;
				DEBUG_INFORMATION_FORMAT = "dwarf-with-dsym";
				ENABLE_NS_ASSERTIONS = NO;
				ENABLE_STRICT_OBJC_MSGSEND = YES;
				GCC_C_LANGUAGE_STANDARD = gnu99;
				GCC_NO_COMMON_BLOCKS = YES;
				GCC_WARN_64_TO_32_BIT_CONVERSION = YES;
				GCC_WARN_ABOUT_RETURN_TYPE = YES_ERROR;
				GCC_WARN_UNDECLARED_SELECTOR = YES;
				GCC_WARN_UNINITIALIZED_AUTOS = YES_AGGRESSIVE;
				GCC_WARN_UNUSED_FUNCTION = YES;
				GCC_WARN_UNUSED_VARIABLE = YES;
				IPHONEOS_DEPLOYMENT_TARGET = 9.3;
				MTL_ENABLE_DEBUG_INFO = NO;
				SDKROOT = iphoneos;
				VALIDATE_PRODUCT = YES;
			};
			name = Release;
		};
		1D9F4EF31D5FDBA200564B2F /* Debug */ = {
			isa = XCBuildConfiguration;
			buildSettings = {
				ASSETCATALOG_COMPILER_APPICON_NAME = AppIcon;
				INFOPLIST_FILE = Hypnosister/Info.plist;
				LD_RUNPATH_SEARCH_PATHS = "$(inherited) @executable_path/Frameworks";
				PRODUCT_BUNDLE_IDENTIFIER = br.com.slackfx.Hypnosister;
				PRODUCT_NAME = "$(TARGET_NAME)";
			};
			name = Debug;
		};
		1D9F4EF41D5FDBA200564B2F /* Release */ = {
			isa = XCBuildConfiguration;
			buildSettings = {
				ASSETCATALOG_COMPILER_APPICON_NAME = AppIcon;
				INFOPLIST_FILE = Hypnosister/Info.plist;
				LD_RUNPATH_SEARCH_PATHS = "$(inherited) @executable_path/Frameworks";
				PRODUCT_BUNDLE_IDENTIFIER = br.com.slackfx.Hypnosister;
				PRODUCT_NAME = "$(TARGET_NAME)";
			};
			name = Release;
		};
		1D9F4EF61D5FDBA200564B2F /* Debug */ = {
			isa = XCBuildConfiguration;
			buildSettings = {
				BUNDLE_LOADER = "$(TEST_HOST)";
				INFOPLIST_FILE = HypnosisterTests/Info.plist;
				LD_RUNPATH_SEARCH_PATHS = "$(inherited) @executable_path/Frameworks @loader_path/Frameworks";
				PRODUCT_BUNDLE_IDENTIFIER = br.com.slackfx.HypnosisterTests;
				PRODUCT_NAME = "$(TARGET_NAME)";
				TEST_HOST = "$(BUILT_PRODUCTS_DIR)/Hypnosister.app/Hypnosister";
			};
			name = Debug;
		};
		1D9F4EF71D5FDBA200564B2F /* Release */ = {
			isa = XCBuildConfiguration;
			buildSettings = {
				BUNDLE_LOADER = "$(TEST_HOST)";
				INFOPLIST_FILE = HypnosisterTests/Info.plist;
				LD_RUNPATH_SEARCH_PATHS = "$(inherited) @executable_path/Frameworks @loader_path/Frameworks";
				PRODUCT_BUNDLE_IDENTIFIER = br.com.slackfx.HypnosisterTests;
				PRODUCT_NAME = "$(TARGET_NAME)";
				TEST_HOST = "$(BUILT_PRODUCTS_DIR)/Hypnosister.app/Hypnosister";
			};
			name = Release;
		};
		1D9F4EF91D5FDBA200564B2F /* Debug */ = {
			isa = XCBuildConfiguration;
			buildSettings = {
				INFOPLIST_FILE = HypnosisterUITests/Info.plist;
				LD_RUNPATH_SEARCH_PATHS = "$(inherited) @executable_path/Frameworks @loader_path/Frameworks";
				PRODUCT_BUNDLE_IDENTIFIER = br.com.slackfx.HypnosisterUITests;
				PRODUCT_NAME = "$(TARGET_NAME)";
				TEST_TARGET_NAME = Hypnosister;
			};
			name = Debug;
		};
		1D9F4EFA1D5FDBA200564B2F /* Release */ = {
			isa = XCBuildConfiguration;
			buildSettings = {
				INFOPLIST_FILE = HypnosisterUITests/Info.plist;
				LD_RUNPATH_SEARCH_PATHS = "$(inherited) @executable_path/Frameworks @loader_path/Frameworks";
				PRODUCT_BUNDLE_IDENTIFIER = br.com.slackfx.HypnosisterUITests;
				PRODUCT_NAME = "$(TARGET_NAME)";
				TEST_TARGET_NAME = Hypnosister;
			};
			name = Release;
		};
/* End XCBuildConfiguration section */

/* Begin XCConfigurationList section */
		1D9F4EBD1D5FDBA200564B2F /* Build configuration list for PBXProject "Hypnosister" */ = {
			isa = XCConfigurationList;
			buildConfigurations = (
				1D9F4EF01D5FDBA200564B2F /* Debug */,
				1D9F4EF11D5FDBA200564B2F /* Release */,
			);
			defaultConfigurationIsVisible = 0;
			defaultConfigurationName = Release;
		};
		1D9F4EF21D5FDBA200564B2F /* Build configuration list for PBXNativeTarget "Hypnosister" */ = {
			isa = XCConfigurationList;
			buildConfigurations = (
				1D9F4EF31D5FDBA200564B2F /* Debug */,
				1D9F4EF41D5FDBA200564B2F /* Release */,
			);
			defaultConfigurationIsVisible = 0;
		};
		1D9F4EF51D5FDBA200564B2F /* Build configuration list for PBXNativeTarget "HypnosisterTests" */ = {
			isa = XCConfigurationList;
			buildConfigurations = (
				1D9F4EF61D5FDBA200564B2F /* Debug */,
				1D9F4EF71D5FDBA200564B2F /* Release */,
			);
			defaultConfigurationIsVisible = 0;
		};
		1D9F4EF81D5FDBA200564B2F /* Build configuration list for PBXNativeTarget "HypnosisterUITests" */ = {
			isa = XCConfigurationList;
			buildConfigurations = (
				1D9F4EF91D5FDBA200564B2F /* Debug */,
				1D9F4EFA1D5FDBA200564B2F /* Release */,
			);
			defaultConfigurationIsVisible = 0;
		};
/* End XCConfigurationList section */

/* Begin XCVersionGroup section */
		1D9F4ED11D5FDBA200564B2F /* Hypnosister.xcdatamodeld */ = {
			isa = XCVersionGroup;
			children = (
				1D9F4ED21D5FDBA200564B2F /* Hypnosister.xcdatamodel */,
			);
			currentVersion = 1D9F4ED21D5FDBA200564B2F /* Hypnosister.xcdatamodel */;
			path = Hypnosister.xcdatamodeld;
			sourceTree = "<group>";
			versionGroupType = wrapper.xcdatamodel;
		};
/* End XCVersionGroup section */
	};
	rootObject = 1D9F4EBA1D5FDBA200564B2F /* Project object */;
}
